// !$*UTF8*$!
{
	archiveVersion = 1;
	classes = {
	};
	objectVersion = 46;
	objects = {

/* Begin PBXBuildFile section */
		5437AD0319EED96700AA50BE /* Notifications.m in Sources */ = {isa = PBXBuildFile; fileRef = 5437AD0219EED96700AA50BE /* Notifications.m */; };
		A3869C4219ED88520052264F /* Foundation.framework in Frameworks */ = {isa = PBXBuildFile; fileRef = A3869C4119ED88520052264F /* Foundation.framework */; };
		A3869C4419ED88520052264F /* CoreGraphics.framework in Frameworks */ = {isa = PBXBuildFile; fileRef = A3869C4319ED88520052264F /* CoreGraphics.framework */; };
		A3869C4619ED88520052264F /* UIKit.framework in Frameworks */ = {isa = PBXBuildFile; fileRef = A3869C4519ED88520052264F /* UIKit.framework */; };
		A3869C4C19ED88520052264F /* InfoPlist.strings in Resources */ = {isa = PBXBuildFile; fileRef = A3869C4A19ED88520052264F /* InfoPlist.strings */; };
		A3869C4E19ED88520052264F /* main.m in Sources */ = {isa = PBXBuildFile; fileRef = A3869C4D19ED88520052264F /* main.m */; };
		A3869C5219ED88520052264F /* AppDelegate.m in Sources */ = {isa = PBXBuildFile; fileRef = A3869C5119ED88520052264F /* AppDelegate.m */; };
		A3869C5519ED88520052264F /* Main.storyboard in Resources */ = {isa = PBXBuildFile; fileRef = A3869C5319ED88520052264F /* Main.storyboard */; };
		A3869C5819ED88520052264F /* ViewController.m in Sources */ = {isa = PBXBuildFile; fileRef = A3869C5719ED88520052264F /* ViewController.m */; };
		A3869C5A19ED88520052264F /* Images.xcassets in Resources */ = {isa = PBXBuildFile; fileRef = A3869C5919ED88520052264F /* Images.xcassets */; };
		A3869C6119ED88520052264F /* XCTest.framework in Frameworks */ = {isa = PBXBuildFile; fileRef = A3869C6019ED88520052264F /* XCTest.framework */; };
		A3869C6219ED88520052264F /* Foundation.framework in Frameworks */ = {isa = PBXBuildFile; fileRef = A3869C4119ED88520052264F /* Foundation.framework */; };
		A3869C6319ED88520052264F /* UIKit.framework in Frameworks */ = {isa = PBXBuildFile; fileRef = A3869C4519ED88520052264F /* UIKit.framework */; };
		A3869C6B19ED88520052264F /* InfoPlist.strings in Resources */ = {isa = PBXBuildFile; fileRef = A3869C6919ED88520052264F /* InfoPlist.strings */; };
		A3869C6D19ED88520052264F /* LUGManipalTests.m in Sources */ = {isa = PBXBuildFile; fileRef = A3869C6C19ED88520052264F /* LUGManipalTests.m */; };
		A3869C7B19ED887B0052264F /* Bolts.framework in Frameworks */ = {isa = PBXBuildFile; fileRef = A3869C7919ED887B0052264F /* Bolts.framework */; };
		A3869C7C19ED887B0052264F /* Parse.framework in Frameworks */ = {isa = PBXBuildFile; fileRef = A3869C7A19ED887B0052264F /* Parse.framework */; };
		A3869C7E19ED895C0052264F /* AudioToolbox.framework in Frameworks */ = {isa = PBXBuildFile; fileRef = A3869C7D19ED895C0052264F /* AudioToolbox.framework */; };
		A3869C8019ED89610052264F /* CFNetwork.framework in Frameworks */ = {isa = PBXBuildFile; fileRef = A3869C7F19ED89610052264F /* CFNetwork.framework */; };
		A3869C8219ED896E0052264F /* CoreLocation.framework in Frameworks */ = {isa = PBXBuildFile; fileRef = A3869C8119ED896E0052264F /* CoreLocation.framework */; };
		A3869C8419ED89780052264F /* libz.dylib in Frameworks */ = {isa = PBXBuildFile; fileRef = A3869C8319ED89780052264F /* libz.dylib */; };
		A3869C8619ED89830052264F /* MobileCoreServices.framework in Frameworks */ = {isa = PBXBuildFile; fileRef = A3869C8519ED89830052264F /* MobileCoreServices.framework */; };
		A3869C8819ED898C0052264F /* QuartzCore.framework in Frameworks */ = {isa = PBXBuildFile; fileRef = A3869C8719ED898C0052264F /* QuartzCore.framework */; };
		A3869C8A19ED89920052264F /* Security.framework in Frameworks */ = {isa = PBXBuildFile; fileRef = A3869C8919ED89920052264F /* Security.framework */; };
		A3869C8C19ED89990052264F /* StoreKit.framework in Frameworks */ = {isa = PBXBuildFile; fileRef = A3869C8B19ED89990052264F /* StoreKit.framework */; };
		A3869C8E19ED89A30052264F /* SystemConfiguration.framework in Frameworks */ = {isa = PBXBuildFile; fileRef = A3869C8D19ED89A30052264F /* SystemConfiguration.framework */; };
		A3869C9019ED89A90052264F /* Social.framework in Frameworks */ = {isa = PBXBuildFile; fileRef = A3869C8F19ED89A90052264F /* Social.framework */; };
		A3869C9219ED89B10052264F /* Accounts.framework in Frameworks */ = {isa = PBXBuildFile; fileRef = A3869C9119ED89B10052264F /* Accounts.framework */; };
		A3EABCEA19EEB1AA00203670 /* MBProgressHUD.m in Sources */ = {isa = PBXBuildFile; fileRef = A3EABCE919EEB1AA00203670 /* MBProgressHUD.m */; };
/* End PBXBuildFile section */

/* Begin PBXContainerItemProxy section */
		A3869C6419ED88520052264F /* PBXContainerItemProxy */ = {
			isa = PBXContainerItemProxy;
			containerPortal = A3869C3619ED88520052264F /* Project object */;
			proxyType = 1;
			remoteGlobalIDString = A3869C3D19ED88520052264F;
			remoteInfo = LUGManipal;
		};
/* End PBXContainerItemProxy section */

/* Begin PBXFileReference section */
		5437AD0119EED96700AA50BE /* Notifications.h */ = {isa = PBXFileReference; fileEncoding = 4; lastKnownFileType = sourcecode.c.h; path = Notifications.h; sourceTree = "<group>"; };
		5437AD0219EED96700AA50BE /* Notifications.m */ = {isa = PBXFileReference; fileEncoding = 4; lastKnownFileType = sourcecode.c.objc; path = Notifications.m; sourceTree = "<group>"; };
		A3869C3E19ED88520052264F /* LUGManipal.app */ = {isa = PBXFileReference; explicitFileType = wrapper.application; includeInIndex = 0; path = LUGManipal.app; sourceTree = BUILT_PRODUCTS_DIR; };
		A3869C4119ED88520052264F /* Foundation.framework */ = {isa = PBXFileReference; lastKnownFileType = wrapper.framework; name = Foundation.framework; path = System/Library/Frameworks/Foundation.framework; sourceTree = SDKROOT; };
		A3869C4319ED88520052264F /* CoreGraphics.framework */ = {isa = PBXFileReference; lastKnownFileType = wrapper.framework; name = CoreGraphics.framework; path = System/Library/Frameworks/CoreGraphics.framework; sourceTree = SDKROOT; };
		A3869C4519ED88520052264F /* UIKit.framework */ = {isa = PBXFileReference; lastKnownFileType = wrapper.framework; name = UIKit.framework; path = System/Library/Frameworks/UIKit.framework; sourceTree = SDKROOT; };
		A3869C4919ED88520052264F /* LUGManipal-Info.plist */ = {isa = PBXFileReference; lastKnownFileType = text.plist.xml; path = "LUGManipal-Info.plist"; sourceTree = "<group>"; };
		A3869C4B19ED88520052264F /* en */ = {isa = PBXFileReference; lastKnownFileType = text.plist.strings; name = en; path = en.lproj/InfoPlist.strings; sourceTree = "<group>"; };
		A3869C4D19ED88520052264F /* main.m */ = {isa = PBXFileReference; lastKnownFileType = sourcecode.c.objc; path = main.m; sourceTree = "<group>"; };
		A3869C4F19ED88520052264F /* LUGManipal-Prefix.pch */ = {isa = PBXFileReference; lastKnownFileType = sourcecode.c.h; path = "LUGManipal-Prefix.pch"; sourceTree = "<group>"; };
		A3869C5019ED88520052264F /* AppDelegate.h */ = {isa = PBXFileReference; lastKnownFileType = sourcecode.c.h; path = AppDelegate.h; sourceTree = "<group>"; };
		A3869C5119ED88520052264F /* AppDelegate.m */ = {isa = PBXFileReference; lastKnownFileType = sourcecode.c.objc; path = AppDelegate.m; sourceTree = "<group>"; };
		A3869C5419ED88520052264F /* Base */ = {isa = PBXFileReference; lastKnownFileType = file.storyboard; name = Base; path = Base.lproj/Main.storyboard; sourceTree = "<group>"; };
		A3869C5619ED88520052264F /* ViewController.h */ = {isa = PBXFileReference; lastKnownFileType = sourcecode.c.h; path = ViewController.h; sourceTree = "<group>"; };
		A3869C5719ED88520052264F /* ViewController.m */ = {isa = PBXFileReference; lastKnownFileType = sourcecode.c.objc; path = ViewController.m; sourceTree = "<group>"; };
		A3869C5919ED88520052264F /* Images.xcassets */ = {isa = PBXFileReference; lastKnownFileType = folder.assetcatalog; path = Images.xcassets; sourceTree = "<group>"; };
		A3869C5F19ED88520052264F /* LUGManipalTests.xctest */ = {isa = PBXFileReference; explicitFileType = wrapper.cfbundle; includeInIndex = 0; path = LUGManipalTests.xctest; sourceTree = BUILT_PRODUCTS_DIR; };
		A3869C6019ED88520052264F /* XCTest.framework */ = {isa = PBXFileReference; lastKnownFileType = wrapper.framework; name = XCTest.framework; path = Library/Frameworks/XCTest.framework; sourceTree = DEVELOPER_DIR; };
		A3869C6819ED88520052264F /* LUGManipalTests-Info.plist */ = {isa = PBXFileReference; lastKnownFileType = text.plist.xml; path = "LUGManipalTests-Info.plist"; sourceTree = "<group>"; };
		A3869C6A19ED88520052264F /* en */ = {isa = PBXFileReference; lastKnownFileType = text.plist.strings; name = en; path = en.lproj/InfoPlist.strings; sourceTree = "<group>"; };
		A3869C6C19ED88520052264F /* LUGManipalTests.m */ = {isa = PBXFileReference; lastKnownFileType = sourcecode.c.objc; path = LUGManipalTests.m; sourceTree = "<group>"; };
		A3869C7919ED887B0052264F /* Bolts.framework */ = {isa = PBXFileReference; lastKnownFileType = wrapper.framework; path = Bolts.framework; sourceTree = "<group>"; };
		A3869C7A19ED887B0052264F /* Parse.framework */ = {isa = PBXFileReference; lastKnownFileType = wrapper.framework; path = Parse.framework; sourceTree = "<group>"; };
		A3869C7D19ED895C0052264F /* AudioToolbox.framework */ = {isa = PBXFileReference; lastKnownFileType = wrapper.framework; name = AudioToolbox.framework; path = System/Library/Frameworks/AudioToolbox.framework; sourceTree = SDKROOT; };
		A3869C7F19ED89610052264F /* CFNetwork.framework */ = {isa = PBXFileReference; lastKnownFileType = wrapper.framework; name = CFNetwork.framework; path = System/Library/Frameworks/CFNetwork.framework; sourceTree = SDKROOT; };
		A3869C8119ED896E0052264F /* CoreLocation.framework */ = {isa = PBXFileReference; lastKnownFileType = wrapper.framework; name = CoreLocation.framework; path = System/Library/Frameworks/CoreLocation.framework; sourceTree = SDKROOT; };
		A3869C8319ED89780052264F /* libz.dylib */ = {isa = PBXFileReference; lastKnownFileType = "compiled.mach-o.dylib"; name = libz.dylib; path = usr/lib/libz.dylib; sourceTree = SDKROOT; };
		A3869C8519ED89830052264F /* MobileCoreServices.framework */ = {isa = PBXFileReference; lastKnownFileType = wrapper.framework; name = MobileCoreServices.framework; path = System/Library/Frameworks/MobileCoreServices.framework; sourceTree = SDKROOT; };
		A3869C8719ED898C0052264F /* QuartzCore.framework */ = {isa = PBXFileReference; lastKnownFileType = wrapper.framework; name = QuartzCore.framework; path = System/Library/Frameworks/QuartzCore.framework; sourceTree = SDKROOT; };
		A3869C8919ED89920052264F /* Security.framework */ = {isa = PBXFileReference; lastKnownFileType = wrapper.framework; name = Security.framework; path = System/Library/Frameworks/Security.framework; sourceTree = SDKROOT; };
		A3869C8B19ED89990052264F /* StoreKit.framework */ = {isa = PBXFileReference; lastKnownFileType = wrapper.framework; name = StoreKit.framework; path = System/Library/Frameworks/StoreKit.framework; sourceTree = SDKROOT; };
		A3869C8D19ED89A30052264F /* SystemConfiguration.framework */ = {isa = PBXFileReference; lastKnownFileType = wrapper.framework; name = SystemConfiguration.framework; path = System/Library/Frameworks/SystemConfiguration.framework; sourceTree = SDKROOT; };
		A3869C8F19ED89A90052264F /* Social.framework */ = {isa = PBXFileReference; lastKnownFileType = wrapper.framework; name = Social.framework; path = System/Library/Frameworks/Social.framework; sourceTree = SDKROOT; };
		A3869C9119ED89B10052264F /* Accounts.framework */ = {isa = PBXFileReference; lastKnownFileType = wrapper.framework; name = Accounts.framework; path = System/Library/Frameworks/Accounts.framework; sourceTree = SDKROOT; };
		A3EABCE819EEB1A900203670 /* MBProgressHUD.h */ = {isa = PBXFileReference; fileEncoding = 4; lastKnownFileType = sourcecode.c.h; path = MBProgressHUD.h; sourceTree = "<group>"; };
		A3EABCE919EEB1AA00203670 /* MBProgressHUD.m */ = {isa = PBXFileReference; fileEncoding = 4; lastKnownFileType = sourcecode.c.objc; path = MBProgressHUD.m; sourceTree = "<group>"; };
/* End PBXFileReference section */

/* Begin PBXFrameworksBuildPhase section */
		A3869C3B19ED88520052264F /* Frameworks */ = {
			isa = PBXFrameworksBuildPhase;
			buildActionMask = 2147483647;
			files = (
				A3869C9219ED89B10052264F /* Accounts.framework in Frameworks */,
				A3869C9019ED89A90052264F /* Social.framework in Frameworks */,
				A3869C8E19ED89A30052264F /* SystemConfiguration.framework in Frameworks */,
				A3869C8C19ED89990052264F /* StoreKit.framework in Frameworks */,
				A3869C8A19ED89920052264F /* Security.framework in Frameworks */,
				A3869C8819ED898C0052264F /* QuartzCore.framework in Frameworks */,
				A3869C8619ED89830052264F /* MobileCoreServices.framework in Frameworks */,
				A3869C8419ED89780052264F /* libz.dylib in Frameworks */,
				A3869C8219ED896E0052264F /* CoreLocation.framework in Frameworks */,
				A3869C4419ED88520052264F /* CoreGraphics.framework in Frameworks */,
				A3869C8019ED89610052264F /* CFNetwork.framework in Frameworks */,
				A3869C7E19ED895C0052264F /* AudioToolbox.framework in Frameworks */,
				A3869C4619ED88520052264F /* UIKit.framework in Frameworks */,
				A3869C4219ED88520052264F /* Foundation.framework in Frameworks */,
				A3869C7B19ED887B0052264F /* Bolts.framework in Frameworks */,
				A3869C7C19ED887B0052264F /* Parse.framework in Frameworks */,
			);
			runOnlyForDeploymentPostprocessing = 0;
		};
		A3869C5C19ED88520052264F /* Frameworks */ = {
			isa = PBXFrameworksBuildPhase;
			buildActionMask = 2147483647;
			files = (
				A3869C6119ED88520052264F /* XCTest.framework in Frameworks */,
				A3869C6319ED88520052264F /* UIKit.framework in Frameworks */,
				A3869C6219ED88520052264F /* Foundation.framework in Frameworks */,
			);
			runOnlyForDeploymentPostprocessing = 0;
		};
/* End PBXFrameworksBuildPhase section */

/* Begin PBXGroup section */
		A3869C3519ED88520052264F = {
			isa = PBXGroup;
			children = (
				A3869C4719ED88520052264F /* LUGManipal */,
				A3869C6619ED88520052264F /* LUGManipalTests */,
				A3869C4019ED88520052264F /* Frameworks */,
				A3869C3F19ED88520052264F /* Products */,
			);
			sourceTree = "<group>";
		};
		A3869C3F19ED88520052264F /* Products */ = {
			isa = PBXGroup;
			children = (
				A3869C3E19ED88520052264F /* LUGManipal.app */,
				A3869C5F19ED88520052264F /* LUGManipalTests.xctest */,
			);
			name = Products;
			sourceTree = "<group>";
		};
		A3869C4019ED88520052264F /* Frameworks */ = {
			isa = PBXGroup;
			children = (
				A3869C9119ED89B10052264F /* Accounts.framework */,
				A3869C8F19ED89A90052264F /* Social.framework */,
				A3869C8D19ED89A30052264F /* SystemConfiguration.framework */,
				A3869C8B19ED89990052264F /* StoreKit.framework */,
				A3869C8919ED89920052264F /* Security.framework */,
				A3869C8719ED898C0052264F /* QuartzCore.framework */,
				A3869C8519ED89830052264F /* MobileCoreServices.framework */,
				A3869C8319ED89780052264F /* libz.dylib */,
				A3869C8119ED896E0052264F /* CoreLocation.framework */,
				A3869C7F19ED89610052264F /* CFNetwork.framework */,
				A3869C7D19ED895C0052264F /* AudioToolbox.framework */,
				A3869C7919ED887B0052264F /* Bolts.framework */,
				A3869C7A19ED887B0052264F /* Parse.framework */,
				A3869C4119ED88520052264F /* Foundation.framework */,
				A3869C4319ED88520052264F /* CoreGraphics.framework */,
				A3869C4519ED88520052264F /* UIKit.framework */,
				A3869C6019ED88520052264F /* XCTest.framework */,
			);
			name = Frameworks;
			sourceTree = "<group>";
		};
		A3869C4719ED88520052264F /* LUGManipal */ = {
			isa = PBXGroup;
			children = (
				A3EABCE719EEB18F00203670 /* Libraries */,
				A3869C7819ED88630052264F /* Controller */,
				A3869C7719ED885D0052264F /* View */,
				A3869C7619ED88580052264F /* Model */,
				A3869C5319ED88520052264F /* Main.storyboard */,
				A3869C5919ED88520052264F /* Images.xcassets */,
				A3869C4819ED88520052264F /* Supporting Files */,
			);
			path = LUGManipal;
			sourceTree = "<group>";
		};
		A3869C4819ED88520052264F /* Supporting Files */ = {
			isa = PBXGroup;
			children = (
				A3869C5019ED88520052264F /* AppDelegate.h */,
				A3869C5119ED88520052264F /* AppDelegate.m */,
				A3869C4919ED88520052264F /* LUGManipal-Info.plist */,
				A3869C4A19ED88520052264F /* InfoPlist.strings */,
				A3869C4D19ED88520052264F /* main.m */,
				A3869C4F19ED88520052264F /* LUGManipal-Prefix.pch */,
			);
			name = "Supporting Files";
			sourceTree = "<group>";
		};
		A3869C6619ED88520052264F /* LUGManipalTests */ = {
			isa = PBXGroup;
			children = (
				A3869C6C19ED88520052264F /* LUGManipalTests.m */,
				A3869C6719ED88520052264F /* Supporting Files */,
			);
			path = LUGManipalTests;
			sourceTree = "<group>";
		};
		A3869C6719ED88520052264F /* Supporting Files */ = {
			isa = PBXGroup;
			children = (
				A3869C6819ED88520052264F /* LUGManipalTests-Info.plist */,
				A3869C6919ED88520052264F /* InfoPlist.strings */,
			);
			name = "Supporting Files";
			sourceTree = "<group>";
		};
		A3869C7619ED88580052264F /* Model */ = {
			isa = PBXGroup;
			children = (
				5437AD0119EED96700AA50BE /* Notifications.h */,
				5437AD0219EED96700AA50BE /* Notifications.m */,
			);
			name = Model;
			sourceTree = "<group>";
		};
		A3869C7719ED885D0052264F /* View */ = {
			isa = PBXGroup;
			children = (
			);
			name = View;
			sourceTree = "<group>";
		};
		A3869C7819ED88630052264F /* Controller */ = {
			isa = PBXGroup;
			children = (
				A3869C5619ED88520052264F /* ViewController.h */,
				A3869C5719ED88520052264F /* ViewController.m */,
			);
			name = Controller;
			sourceTree = "<group>";
		};
		A3EABCE719EEB18F00203670 /* Libraries */ = {
			isa = PBXGroup;
			children = (
				A3EABCE819EEB1A900203670 /* MBProgressHUD.h */,
				A3EABCE919EEB1AA00203670 /* MBProgressHUD.m */,
			);
			name = Libraries;
			sourceTree = "<group>";
		};
/* End PBXGroup section */

/* Begin PBXNativeTarget section */
		A3869C3D19ED88520052264F /* LUGManipal */ = {
			isa = PBXNativeTarget;
			buildConfigurationList = A3869C7019ED88520052264F /* Build configuration list for PBXNativeTarget "LUGManipal" */;
			buildPhases = (
				A3869C3A19ED88520052264F /* Sources */,
				A3869C3B19ED88520052264F /* Frameworks */,
				A3869C3C19ED88520052264F /* Resources */,
			);
			buildRules = (
			);
			dependencies = (
			);
			name = LUGManipal;
			productName = LUGManipal;
			productReference = A3869C3E19ED88520052264F /* LUGManipal.app */;
			productType = "com.apple.product-type.application";
		};
		A3869C5E19ED88520052264F /* LUGManipalTests */ = {
			isa = PBXNativeTarget;
			buildConfigurationList = A3869C7319ED88520052264F /* Build configuration list for PBXNativeTarget "LUGManipalTests" */;
			buildPhases = (
				A3869C5B19ED88520052264F /* Sources */,
				A3869C5C19ED88520052264F /* Frameworks */,
				A3869C5D19ED88520052264F /* Resources */,
			);
			buildRules = (
			);
			dependencies = (
				A3869C6519ED88520052264F /* PBXTargetDependency */,
			);
			name = LUGManipalTests;
			productName = LUGManipalTests;
			productReference = A3869C5F19ED88520052264F /* LUGManipalTests.xctest */;
			productType = "com.apple.product-type.bundle.unit-test";
		};
/* End PBXNativeTarget section */

/* Begin PBXProject section */
		A3869C3619ED88520052264F /* Project object */ = {
			isa = PBXProject;
			attributes = {
				LastUpgradeCheck = 0510;
				ORGANIZATIONNAME = LUG;
				TargetAttributes = {
					A3869C5E19ED88520052264F = {
						TestTargetID = A3869C3D19ED88520052264F;
					};
				};
			};
			buildConfigurationList = A3869C3919ED88520052264F /* Build configuration list for PBXProject "LUGManipal" */;
			compatibilityVersion = "Xcode 3.2";
			developmentRegion = English;
			hasScannedForEncodings = 0;
			knownRegions = (
				en,
				Base,
			);
			mainGroup = A3869C3519ED88520052264F;
			productRefGroup = A3869C3F19ED88520052264F /* Products */;
			projectDirPath = "";
			projectRoot = "";
			targets = (
				A3869C3D19ED88520052264F /* LUGManipal */,
				A3869C5E19ED88520052264F /* LUGManipalTests */,
			);
		};
/* End PBXProject section */

/* Begin PBXResourcesBuildPhase section */
		A3869C3C19ED88520052264F /* Resources */ = {
			isa = PBXResourcesBuildPhase;
			buildActionMask = 2147483647;
			files = (
				A3869C5A19ED88520052264F /* Images.xcassets in Resources */,
				A3869C4C19ED88520052264F /* InfoPlist.strings in Resources */,
				A3869C5519ED88520052264F /* Main.storyboard in Resources */,
			);
			runOnlyForDeploymentPostprocessing = 0;
		};
		A3869C5D19ED88520052264F /* Resources */ = {
			isa = PBXResourcesBuildPhase;
			buildActionMask = 2147483647;
			files = (
				A3869C6B19ED88520052264F /* InfoPlist.strings in Resources */,
			);
			runOnlyForDeploymentPostprocessing = 0;
		};
/* End PBXResourcesBuildPhase section */

/* Begin PBXSourcesBuildPhase section */
		A3869C3A19ED88520052264F /* Sources */ = {
			isa = PBXSourcesBuildPhase;
			buildActionMask = 2147483647;
			files = (
				A3869C5819ED88520052264F /* ViewController.m in Sources */,
				A3869C5219ED88520052264F /* AppDelegate.m in Sources */,
				5437AD0319EED96700AA50BE /* Notifications.m in Sources */,
				A3869C4E19ED88520052264F /* main.m in Sources */,
				A3EABCEA19EEB1AA00203670 /* MBProgressHUD.m in Sources */,
			);
			runOnlyForDeploymentPostprocessing = 0;
		};
		A3869C5B19ED88520052264F /* Sources */ = {
			isa = PBXSourcesBuildPhase;
			buildActionMask = 2147483647;
			files = (
				A3869C6D19ED88520052264F /* LUGManipalTests.m in Sources */,
			);
			runOnlyForDeploymentPostprocessing = 0;
		};
/* End PBXSourcesBuildPhase section */

/* Begin PBXTargetDependency section */
		A3869C6519ED88520052264F /* PBXTargetDependency */ = {
			isa = PBXTargetDependency;
			target = A3869C3D19ED88520052264F /* LUGManipal */;
			targetProxy = A3869C6419ED88520052264F /* PBXContainerItemProxy */;
		};
/* End PBXTargetDependency section */

/* Begin PBXVariantGroup section */
		A3869C4A19ED88520052264F /* InfoPlist.strings */ = {
			isa = PBXVariantGroup;
			children = (
				A3869C4B19ED88520052264F /* en */,
			);
			name = InfoPlist.strings;
			sourceTree = "<group>";
		};
		A3869C5319ED88520052264F /* Main.storyboard */ = {
			isa = PBXVariantGroup;
			children = (
				A3869C5419ED88520052264F /* Base */,
			);
			name = Main.storyboard;
			sourceTree = "<group>";
		};
		A3869C6919ED88520052264F /* InfoPlist.strings */ = {
			isa = PBXVariantGroup;
			children = (
				A3869C6A19ED88520052264F /* en */,
			);
			name = InfoPlist.strings;
			sourceTree = "<group>";
		};
/* End PBXVariantGroup section */

/* Begin XCBuildConfiguration section */
		A3869C6E19ED88520052264F /* Debug */ = {
			isa = XCBuildConfiguration;
			buildSettings = {
				ALWAYS_SEARCH_USER_PATHS = NO;
				CLANG_CXX_LANGUAGE_STANDARD = "gnu++0x";
				CLANG_CXX_LIBRARY = "libc++";
				CLANG_ENABLE_MODULES = YES;
				CLANG_ENABLE_OBJC_ARC = YES;
				CLANG_WARN_BOOL_CONVERSION = YES;
				CLANG_WARN_CONSTANT_CONVERSION = YES;
				CLANG_WARN_DIRECT_OBJC_ISA_USAGE = YES_ERROR;
				CLANG_WARN_EMPTY_BODY = YES;
				CLANG_WARN_ENUM_CONVERSION = YES;
				CLANG_WARN_INT_CONVERSION = YES;
				CLANG_WARN_OBJC_ROOT_CLASS = YES_ERROR;
				CLANG_WARN__DUPLICATE_METHOD_MATCH = YES;
				"CODE_SIGN_IDENTITY[sdk=iphoneos*]" = "iPhone Developer";
				COPY_PHASE_STRIP = NO;
				GCC_C_LANGUAGE_STANDARD = gnu99;
				GCC_DYNAMIC_NO_PIC = NO;
				GCC_OPTIMIZATION_LEVEL = 0;
				GCC_PREPROCESSOR_DEFINITIONS = (
					"DEBUG=1",
					"$(inherited)",
				);
				GCC_SYMBOLS_PRIVATE_EXTERN = NO;
				GCC_WARN_64_TO_32_BIT_CONVERSION = YES;
				GCC_WARN_ABOUT_RETURN_TYPE = YES_ERROR;
				GCC_WARN_UNDECLARED_SELECTOR = YES;
				GCC_WARN_UNINITIALIZED_AUTOS = YES_AGGRESSIVE;
				GCC_WARN_UNUSED_FUNCTION = YES;
				GCC_WARN_UNUSED_VARIABLE = YES;
				IPHONEOS_DEPLOYMENT_TARGET = 7.1;
				ONLY_ACTIVE_ARCH = YES;
				SDKROOT = iphoneos;
			};
			name = Debug;
		};
		A3869C6F19ED88520052264F /* Release */ = {
			isa = XCBuildConfiguration;
			buildSettings = {
				ALWAYS_SEARCH_USER_PATHS = NO;
				CLANG_CXX_LANGUAGE_STANDARD = "gnu++0x";
				CLANG_CXX_LIBRARY = "libc++";
				CLANG_ENABLE_MODULES = YES;
				CLANG_ENABLE_OBJC_ARC = YES;
				CLANG_WARN_BOOL_CONVERSION = YES;
				CLANG_WARN_CONSTANT_CONVERSION = YES;
				CLANG_WARN_DIRECT_OBJC_ISA_USAGE = YES_ERROR;
				CLANG_WARN_EMPTY_BODY = YES;
				CLANG_WARN_ENUM_CONVERSION = YES;
				CLANG_WARN_INT_CONVERSION = YES;
				CLANG_WARN_OBJC_ROOT_CLASS = YES_ERROR;
				CLANG_WARN__DUPLICATE_METHOD_MATCH = YES;
				"CODE_SIGN_IDENTITY[sdk=iphoneos*]" = "iPhone Developer";
				COPY_PHASE_STRIP = YES;
				ENABLE_NS_ASSERTIONS = NO;
				GCC_C_LANGUAGE_STANDARD = gnu99;
				GCC_WARN_64_TO_32_BIT_CONVERSION = YES;
				GCC_WARN_ABOUT_RETURN_TYPE = YES_ERROR;
				GCC_WARN_UNDECLARED_SELECTOR = YES;
				GCC_WARN_UNINITIALIZED_AUTOS = YES_AGGRESSIVE;
				GCC_WARN_UNUSED_FUNCTION = YES;
				GCC_WARN_UNUSED_VARIABLE = YES;
				IPHONEOS_DEPLOYMENT_TARGET = 7.1;
				SDKROOT = iphoneos;
				VALIDATE_PRODUCT = YES;
			};
			name = Release;
		};
		A3869C7119ED88520052264F /* Debug */ = {
			isa = XCBuildConfiguration;
			buildSettings = {
				ASSETCATALOG_COMPILER_APPICON_NAME = AppIcon;
				ASSETCATALOG_COMPILER_LAUNCHIMAGE_NAME = LaunchImage;
				FRAMEWORK_SEARCH_PATHS = (
					"$(inherited)",
					"$(PROJECT_DIR)",
				);
				GCC_PRECOMPILE_PREFIX_HEADER = YES;
				GCC_PREFIX_HEADER = "LUGManipal/LUGManipal-Prefix.pch";
				INFOPLIST_FILE = "LUGManipal/LUGManipal-Info.plist";
				PRODUCT_NAME = "$(TARGET_NAME)";
				WRAPPER_EXTENSION = app;
			};
			name = Debug;
		};
		A3869C7219ED88520052264F /* Release */ = {
			isa = XCBuildConfiguration;
			buildSettings = {
				ASSETCATALOG_COMPILER_APPICON_NAME = AppIcon;
				ASSETCATALOG_COMPILER_LAUNCHIMAGE_NAME = LaunchImage;
				FRAMEWORK_SEARCH_PATHS = (
					"$(inherited)",
					"$(PROJECT_DIR)",
				);
				GCC_PRECOMPILE_PREFIX_HEADER = YES;
				GCC_PREFIX_HEADER = "LUGManipal/LUGManipal-Prefix.pch";
				INFOPLIST_FILE = "LUGManipal/LUGManipal-Info.plist";
				PRODUCT_NAME = "$(TARGET_NAME)";
				WRAPPER_EXTENSION = app;
			};
			name = Release;
		};
		A3869C7419ED88520052264F /* Debug */ = {
			isa = XCBuildConfiguration;
			buildSettings = {
				BUNDLE_LOADER = "$(BUILT_PRODUCTS_DIR)/LUGManipal.app/LUGManipal";
				FRAMEWORK_SEARCH_PATHS = (
					"$(SDKROOT)/Developer/Library/Frameworks",
					"$(inherited)",
					"$(DEVELOPER_FRAMEWORKS_DIR)",
				);
				GCC_PRECOMPILE_PREFIX_HEADER = YES;
				GCC_PREFIX_HEADER = "LUGManipal/LUGManipal-Prefix.pch";
				GCC_PREPROCESSOR_DEFINITIONS = (
					"DEBUG=1",
					"$(inherited)",
				);
				INFOPLIST_FILE = "LUGManipalTests/LUGManipalTests-Info.plist";
				PRODUCT_NAME = "$(TARGET_NAME)";
				TEST_HOST = "$(BUNDLE_LOADER)";
				WRAPPER_EXTENSION = xctest;
			};
			name = Debug;
		};
		A3869C7519ED88520052264F /* Release */ = {
			isa = XCBuildConfiguration;
			buildSettings = {
				BUNDLE_LOADER = "$(BUILT_PRODUCTS_DIR)/LUGManipal.app/LUGManipal";
				FRAMEWORK_SEARCH_PATHS = (
					"$(SDKROOT)/Developer/Library/Frameworks",
					"$(inherited)",
					"$(DEVELOPER_FRAMEWORKS_DIR)",
				);
				GCC_PRECOMPILE_PREFIX_HEADER = YES;
				GCC_PREFIX_HEADER = "LUGManipal/LUGManipal-Prefix.pch";
				INFOPLIST_FILE = "LUGManipalTests/LUGManipalTests-Info.plist";
				PRODUCT_NAME = "$(TARGET_NAME)";
				TEST_HOST = "$(BUNDLE_LOADER)";
				WRAPPER_EXTENSION = xctest;
			};
			name = Release;
		};
/* End XCBuildConfiguration section */

/* Begin XCConfigurationList section */
		A3869C3919ED88520052264F /* Build configuration list for PBXProject "LUGManipal" */ = {
			isa = XCConfigurationList;
			buildConfigurations = (
				A3869C6E19ED88520052264F /* Debug */,
				A3869C6F19ED88520052264F /* Release */,
			);
			defaultConfigurationIsVisible = 0;
			defaultConfigurationName = Release;
		};
		A3869C7019ED88520052264F /* Build configuration list for PBXNativeTarget "LUGManipal" */ = {
			isa = XCConfigurationList;
			buildConfigurations = (
				A3869C7119ED88520052264F /* Debug */,
				A3869C7219ED88520052264F /* Release */,
			);
			defaultConfigurationIsVisible = 0;
			defaultConfigurationName = Release;
		};
		A3869C7319ED88520052264F /* Build configuration list for PBXNativeTarget "LUGManipalTests" */ = {
			isa = XCConfigurationList;
			buildConfigurations = (
				A3869C7419ED88520052264F /* Debug */,
				A3869C7519ED88520052264F /* Release */,
			);
			defaultConfigurationIsVisible = 0;
			defaultConfigurationName = Release;
		};
/* End XCConfigurationList section */
	};
	rootObject = A3869C3619ED88520052264F /* Project object */;
}
